
Microsoft Visual Studio Solution File, Format Version 12.00
# Visual Studio Version 17
VisualStudioVersion = 17.14.37216.2 d17.14
MinimumVisualStudioVersion = 10.0.40219.1
Project("{8BC9CEB8-8B4A-11D0-8D11-00A0C91BC942}") = "DBproject", "DBproject\DBproject.vcxproj", "{6E7F5BC2-EA30-470A-9799-6A32CC285D70}"
EndProject
Global
	GlobalSection(SolutionConfigurationPlatforms) = preSolution
		Debug|x64 = Debug|x64
		Debug|x86 = Debug|x86
		Release|x64 = Release|x64
		Release|x86 = Release|x86
	EndGlobalSection
	GlobalSection(ProjectConfigurationPlatforms) = postSolution
		{6E7F5BC2-EA30-470A-9799-6A32CC285D70}.Debug|x64.ActiveCfg = Debug|x64
		{6E7F5BC2-EA30-470A-9799-6A32CC285D70}.Debug|x64.Build.0 = Debug|x64
		{6E7F5BC2-EA30-470A-9799-6A32CC285D70}.Debug|x86.ActiveCfg = Debug|Win32
		{6E7F5BC2-EA30-470A-9799-6A32CC285D70}.Debug|x86.Build.0 = Debug|Win32
		{6E7F5BC2-EA30-470A-9799-6A32CC285D70}.Release|x64.ActiveCfg = Release|x64
		{6E7F5BC2-EA30-470A-9799-6A32CC285D70}.Release|x64.Build.0 = Release|x64
		{6E7F5BC2-EA30-470A-9799-6A32CC285D70}.Release|x86.ActiveCfg = Release|Win32
		{6E7F5BC2-EA30-470A-9799-6A32CC285D70}.Release|x86.Build.0 = Release|Win32
	EndGlobalSection
	GlobalSection(SolutionProperties) = preSolution
		HideSolutionNode = FALSE
	EndGlobalSection
	GlobalSection(ExtensibilityGlobals) = postSolution
		SolutionGuid = {1902C4D5-3FB2-4E2B-A816-2D693193735B}
	EndGlobalSection
EndGlobal
